// !$*UTF8*$!
{
	archiveVersion = 1;
	classes = {
	};
	objectVersion = 55;
	objects = {

/* Begin PBXBuildFile section */
		2A94ED1A767391209DCF8B6A /* Pods_Scraping_PracticeTests.framework in Frameworks */ = {isa = PBXBuildFile; fileRef = 981176FE60942FC82DB939D4 /* Pods_Scraping_PracticeTests.framework */; };
		3B9CA92ABDE37C12B2D7AF5F /* Pods_Scraping_Practice.framework in Frameworks */ = {isa = PBXBuildFile; fileRef = C95CEF4FCE8F33AD5048F0F0 /* Pods_Scraping_Practice.framework */; };
		6421A241B5F79903FF133A30 /* Pods_Scraping_Practice_Scraping_PracticeUITests.framework in Frameworks */ = {isa = PBXBuildFile; fileRef = 40D5FDACA3F041DD7D2946C0 /* Pods_Scraping_Practice_Scraping_PracticeUITests.framework */; };
		ABD201D1272F1AA5008BFE57 /* AppDelegate.swift in Sources */ = {isa = PBXBuildFile; fileRef = ABD201D0272F1AA5008BFE57 /* AppDelegate.swift */; };
		ABD201D3272F1AA5008BFE57 /* SceneDelegate.swift in Sources */ = {isa = PBXBuildFile; fileRef = ABD201D2272F1AA5008BFE57 /* SceneDelegate.swift */; };
		ABD201D5272F1AA5008BFE57 /* ViewController.swift in Sources */ = {isa = PBXBuildFile; fileRef = ABD201D4272F1AA5008BFE57 /* ViewController.swift */; };
		ABD201D8272F1AA5008BFE57 /* Main.storyboard in Resources */ = {isa = PBXBuildFile; fileRef = ABD201D6272F1AA5008BFE57 /* Main.storyboard */; };
		ABD201DA272F1AA6008BFE57 /* Assets.xcassets in Resources */ = {isa = PBXBuildFile; fileRef = ABD201D9272F1AA6008BFE57 /* Assets.xcassets */; };
		ABD201DD272F1AA6008BFE57 /* LaunchScreen.storyboard in Resources */ = {isa = PBXBuildFile; fileRef = ABD201DB272F1AA6008BFE57 /* LaunchScreen.storyboard */; };
		ABD201E8272F1AA6008BFE57 /* Scraping_PracticeTests.swift in Sources */ = {isa = PBXBuildFile; fileRef = ABD201E7272F1AA6008BFE57 /* Scraping_PracticeTests.swift */; };
		ABD201F2272F1AA6008BFE57 /* Scraping_PracticeUITests.swift in Sources */ = {isa = PBXBuildFile; fileRef = ABD201F1272F1AA6008BFE57 /* Scraping_PracticeUITests.swift */; };
		ABD201F4272F1AA6008BFE57 /* Scraping_PracticeUITestsLaunchTests.swift in Sources */ = {isa = PBXBuildFile; fileRef = ABD201F3272F1AA6008BFE57 /* Scraping_PracticeUITestsLaunchTests.swift */; };
		ABD20201272F1B53008BFE57 /* Gyudon.swift in Sources */ = {isa = PBXBuildFile; fileRef = ABD20200272F1B53008BFE57 /* Gyudon.swift */; };
/* End PBXBuildFile section */

/* Begin PBXContainerItemProxy section */
		ABD201E4272F1AA6008BFE57 /* PBXContainerItemProxy */ = {
			isa = PBXContainerItemProxy;
			containerPortal = ABD201C5272F1AA5008BFE57 /* Project object */;
			proxyType = 1;
			remoteGlobalIDString = ABD201CC272F1AA5008BFE57;
			remoteInfo = "Scraping-Practice";
		};
		ABD201EE272F1AA6008BFE57 /* PBXContainerItemProxy */ = {
			isa = PBXContainerItemProxy;
			containerPortal = ABD201C5272F1AA5008BFE57 /* Project object */;
			proxyType = 1;
			remoteGlobalIDString = ABD201CC272F1AA5008BFE57;
			remoteInfo = "Scraping-Practice";
		};
/* End PBXContainerItemProxy section */

/* Begin PBXFileReference section */
		173D570416235325EF60CE3D /* Pods-Scraping-Practice-Scraping-PracticeUITests.release.xcconfig */ = {isa = PBXFileReference; includeInIndex = 1; lastKnownFileType = text.xcconfig; name = "Pods-Scraping-Practice-Scraping-PracticeUITests.release.xcconfig"; path = "Target Support Files/Pods-Scraping-Practice-Scraping-PracticeUITests/Pods-Scraping-Practice-Scraping-PracticeUITests.release.xcconfig"; sourceTree = "<group>"; };
		40D5FDACA3F041DD7D2946C0 /* Pods_Scraping_Practice_Scraping_PracticeUITests.framework */ = {isa = PBXFileReference; explicitFileType = wrapper.framework; includeInIndex = 0; path = Pods_Scraping_Practice_Scraping_PracticeUITests.framework; sourceTree = BUILT_PRODUCTS_DIR; };
		59DDE3AA01853182405B36F7 /* Pods-Scraping-PracticeTests.release.xcconfig */ = {isa = PBXFileReference; includeInIndex = 1; lastKnownFileType = text.xcconfig; name = "Pods-Scraping-PracticeTests.release.xcconfig"; path = "Target Support Files/Pods-Scraping-PracticeTests/Pods-Scraping-PracticeTests.release.xcconfig"; sourceTree = "<group>"; };
		61180BFAD0CF7A4CFC0D1E43 /* Pods-Scraping-Practice.debug.xcconfig */ = {isa = PBXFileReference; includeInIndex = 1; lastKnownFileType = text.xcconfig; name = "Pods-Scraping-Practice.debug.xcconfig"; path = "Target Support Files/Pods-Scraping-Practice/Pods-Scraping-Practice.debug.xcconfig"; sourceTree = "<group>"; };
		981176FE60942FC82DB939D4 /* Pods_Scraping_PracticeTests.framework */ = {isa = PBXFileReference; explicitFileType = wrapper.framework; includeInIndex = 0; path = Pods_Scraping_PracticeTests.framework; sourceTree = BUILT_PRODUCTS_DIR; };
		ABD201CD272F1AA5008BFE57 /* Scraping-Practice.app */ = {isa = PBXFileReference; explicitFileType = wrapper.application; includeInIndex = 0; path = "Scraping-Practice.app"; sourceTree = BUILT_PRODUCTS_DIR; };
		ABD201D0272F1AA5008BFE57 /* AppDelegate.swift */ = {isa = PBXFileReference; lastKnownFileType = sourcecode.swift; path = AppDelegate.swift; sourceTree = "<group>"; };
		ABD201D2272F1AA5008BFE57 /* SceneDelegate.swift */ = {isa = PBXFileReference; lastKnownFileType = sourcecode.swift; path = SceneDelegate.swift; sourceTree = "<group>"; };
		ABD201D4272F1AA5008BFE57 /* ViewController.swift */ = {isa = PBXFileReference; lastKnownFileType = sourcecode.swift; path = ViewController.swift; sourceTree = "<group>"; };
		ABD201D7272F1AA5008BFE57 /* Base */ = {isa = PBXFileReference; lastKnownFileType = file.storyboard; name = Base; path = Base.lproj/Main.storyboard; sourceTree = "<group>"; };
		ABD201D9272F1AA6008BFE57 /* Assets.xcassets */ = {isa = PBXFileReference; lastKnownFileType = folder.assetcatalog; path = Assets.xcassets; sourceTree = "<group>"; };
		ABD201DC272F1AA6008BFE57 /* Base */ = {isa = PBXFileReference; lastKnownFileType = file.storyboard; name = Base; path = Base.lproj/LaunchScreen.storyboard; sourceTree = "<group>"; };
		ABD201DE272F1AA6008BFE57 /* Info.plist */ = {isa = PBXFileReference; lastKnownFileType = text.plist.xml; path = Info.plist; sourceTree = "<group>"; };
		ABD201E3272F1AA6008BFE57 /* Scraping-PracticeTests.xctest */ = {isa = PBXFileReference; explicitFileType = wrapper.cfbundle; includeInIndex = 0; path = "Scraping-PracticeTests.xctest"; sourceTree = BUILT_PRODUCTS_DIR; };
		ABD201E7272F1AA6008BFE57 /* Scraping_PracticeTests.swift */ = {isa = PBXFileReference; lastKnownFileType = sourcecode.swift; path = Scraping_PracticeTests.swift; sourceTree = "<group>"; };
		ABD201ED272F1AA6008BFE57 /* Scraping-PracticeUITests.xctest */ = {isa = PBXFileReference; explicitFileType = wrapper.cfbundle; includeInIndex = 0; path = "Scraping-PracticeUITests.xctest"; sourceTree = BUILT_PRODUCTS_DIR; };
		ABD201F1272F1AA6008BFE57 /* Scraping_PracticeUITests.swift */ = {isa = PBXFileReference; lastKnownFileType = sourcecode.swift; path = Scraping_PracticeUITests.swift; sourceTree = "<group>"; };
		ABD201F3272F1AA6008BFE57 /* Scraping_PracticeUITestsLaunchTests.swift */ = {isa = PBXFileReference; lastKnownFileType = sourcecode.swift; path = Scraping_PracticeUITestsLaunchTests.swift; sourceTree = "<group>"; };
		ABD20200272F1B53008BFE57 /* Gyudon.swift */ = {isa = PBXFileReference; lastKnownFileType = sourcecode.swift; path = Gyudon.swift; sourceTree = "<group>"; };
		BCF5B36A1054D5E9B05E88CC /* Pods-Scraping-Practice.release.xcconfig */ = {isa = PBXFileReference; includeInIndex = 1; lastKnownFileType = text.xcconfig; name = "Pods-Scraping-Practice.release.xcconfig"; path = "Target Support Files/Pods-Scraping-Practice/Pods-Scraping-Practice.release.xcconfig"; sourceTree = "<group>"; };
		BE43C819205A94C9F4FF1A67 /* Pods-Scraping-PracticeTests.debug.xcconfig */ = {isa = PBXFileReference; includeInIndex = 1; lastKnownFileType = text.xcconfig; name = "Pods-Scraping-PracticeTests.debug.xcconfig"; path = "Target Support Files/Pods-Scraping-PracticeTests/Pods-Scraping-PracticeTests.debug.xcconfig"; sourceTree = "<group>"; };
		C95CEF4FCE8F33AD5048F0F0 /* Pods_Scraping_Practice.framework */ = {isa = PBXFileReference; explicitFileType = wrapper.framework; includeInIndex = 0; path = Pods_Scraping_Practice.framework; sourceTree = BUILT_PRODUCTS_DIR; };
		CE45CBBDC80F616BCE6F09A7 /* Pods-Scraping-Practice-Scraping-PracticeUITests.debug.xcconfig */ = {isa = PBXFileReference; includeInIndex = 1; lastKnownFileType = text.xcconfig; name = "Pods-Scraping-Practice-Scraping-PracticeUITests.debug.xcconfig"; path = "Target Support Files/Pods-Scraping-Practice-Scraping-PracticeUITests/Pods-Scraping-Practice-Scraping-PracticeUITests.debug.xcconfig"; sourceTree = "<group>"; };
/* End PBXFileReference section */

/* Begin PBXFrameworksBuildPhase section */
		ABD201CA272F1AA5008BFE57 /* Frameworks */ = {
			isa = PBXFrameworksBuildPhase;
			buildActionMask = 2147483647;
			files = (
				3B9CA92ABDE37C12B2D7AF5F /* Pods_Scraping_Practice.framework in Frameworks */,
			);
			runOnlyForDeploymentPostprocessing = 0;
		};
		ABD201E0272F1AA6008BFE57 /* Frameworks */ = {
			isa = PBXFrameworksBuildPhase;
			buildActionMask = 2147483647;
			files = (
				2A94ED1A767391209DCF8B6A /* Pods_Scraping_PracticeTests.framework in Frameworks */,
			);
			runOnlyForDeploymentPostprocessing = 0;
		};
		ABD201EA272F1AA6008BFE57 /* Frameworks */ = {
			isa = PBXFrameworksBuildPhase;
			buildActionMask = 2147483647;
			files = (
				6421A241B5F79903FF133A30 /* Pods_Scraping_Practice_Scraping_PracticeUITests.framework in Frameworks */,
			);
			runOnlyForDeploymentPostprocessing = 0;
		};
/* End PBXFrameworksBuildPhase section */

/* Begin PBXGroup section */
		15B0CF1BCCB63339EEF35953 /* Frameworks */ = {
			isa = PBXGroup;
			children = (
				C95CEF4FCE8F33AD5048F0F0 /* Pods_Scraping_Practice.framework */,
				40D5FDACA3F041DD7D2946C0 /* Pods_Scraping_Practice_Scraping_PracticeUITests.framework */,
				981176FE60942FC82DB939D4 /* Pods_Scraping_PracticeTests.framework */,
			);
			name = Frameworks;
			sourceTree = "<group>";
		};
		710152B4B65E3869763197C2 /* Pods */ = {
			isa = PBXGroup;
			children = (
				61180BFAD0CF7A4CFC0D1E43 /* Pods-Scraping-Practice.debug.xcconfig */,
				BCF5B36A1054D5E9B05E88CC /* Pods-Scraping-Practice.release.xcconfig */,
				CE45CBBDC80F616BCE6F09A7 /* Pods-Scraping-Practice-Scraping-PracticeUITests.debug.xcconfig */,
				173D570416235325EF60CE3D /* Pods-Scraping-Practice-Scraping-PracticeUITests.release.xcconfig */,
				BE43C819205A94C9F4FF1A67 /* Pods-Scraping-PracticeTests.debug.xcconfig */,
				59DDE3AA01853182405B36F7 /* Pods-Scraping-PracticeTests.release.xcconfig */,
			);
			path = Pods;
			sourceTree = "<group>";
		};
		ABD201C4272F1AA5008BFE57 = {
			isa = PBXGroup;
			children = (
				ABD201CF272F1AA5008BFE57 /* Scraping-Practice */,
				ABD201E6272F1AA6008BFE57 /* Scraping-PracticeTests */,
				ABD201F0272F1AA6008BFE57 /* Scraping-PracticeUITests */,
				ABD201CE272F1AA5008BFE57 /* Products */,
				710152B4B65E3869763197C2 /* Pods */,
				15B0CF1BCCB63339EEF35953 /* Frameworks */,
			);
			sourceTree = "<group>";
		};
		ABD201CE272F1AA5008BFE57 /* Products */ = {
			isa = PBXGroup;
			children = (
				ABD201CD272F1AA5008BFE57 /* Scraping-Practice.app */,
				ABD201E3272F1AA6008BFE57 /* Scraping-PracticeTests.xctest */,
				ABD201ED272F1AA6008BFE57 /* Scraping-PracticeUITests.xctest */,
			);
			name = Products;
			sourceTree = "<group>";
		};
		ABD201CF272F1AA5008BFE57 /* Scraping-Practice */ = {
			isa = PBXGroup;
			children = (
				ABD201D0272F1AA5008BFE57 /* AppDelegate.swift */,
				ABD201D2272F1AA5008BFE57 /* SceneDelegate.swift */,
				ABD201D4272F1AA5008BFE57 /* ViewController.swift */,
				ABD201D6272F1AA5008BFE57 /* Main.storyboard */,
				ABD201D9272F1AA6008BFE57 /* Assets.xcassets */,
				ABD201DB272F1AA6008BFE57 /* LaunchScreen.storyboard */,
				ABD201DE272F1AA6008BFE57 /* Info.plist */,
				ABD20200272F1B53008BFE57 /* Gyudon.swift */,
			);
			path = "Scraping-Practice";
			sourceTree = "<group>";
		};
		ABD201E6272F1AA6008BFE57 /* Scraping-PracticeTests */ = {
			isa = PBXGroup;
			children = (
				ABD201E7272F1AA6008BFE57 /* Scraping_PracticeTests.swift */,
			);
			path = "Scraping-PracticeTests";
			sourceTree = "<group>";
		};
		ABD201F0272F1AA6008BFE57 /* Scraping-PracticeUITests */ = {
			isa = PBXGroup;
			children = (
				ABD201F1272F1AA6008BFE57 /* Scraping_PracticeUITests.swift */,
				ABD201F3272F1AA6008BFE57 /* Scraping_PracticeUITestsLaunchTests.swift */,
			);
			path = "Scraping-PracticeUITests";
			sourceTree = "<group>";
		};
/* End PBXGroup section */

/* Begin PBXNativeTarget section */
		ABD201CC272F1AA5008BFE57 /* Scraping-Practice */ = {
			isa = PBXNativeTarget;
			buildConfigurationList = ABD201F7272F1AA6008BFE57 /* Build configuration list for PBXNativeTarget "Scraping-Practice" */;
			buildPhases = (
				EB39FDCE892796BFD526CBD5 /* [CP] Check Pods Manifest.lock */,
				ABD201C9272F1AA5008BFE57 /* Sources */,
				ABD201CA272F1AA5008BFE57 /* Frameworks */,
				ABD201CB272F1AA5008BFE57 /* Resources */,
				4F04A4E67662E4E769A8761A /* [CP] Embed Pods Frameworks */,
			);
			buildRules = (
			);
			dependencies = (
			);
			name = "Scraping-Practice";
			productName = "Scraping-Practice";
			productReference = ABD201CD272F1AA5008BFE57 /* Scraping-Practice.app */;
			productType = "com.apple.product-type.application";
		};
		ABD201E2272F1AA6008BFE57 /* Scraping-PracticeTests */ = {
			isa = PBXNativeTarget;
			buildConfigurationList = ABD201FA272F1AA6008BFE57 /* Build configuration list for PBXNativeTarget "Scraping-PracticeTests" */;
			buildPhases = (
				BAA1EB972A1F61B759164FE9 /* [CP] Check Pods Manifest.lock */,
				ABD201DF272F1AA6008BFE57 /* Sources */,
				ABD201E0272F1AA6008BFE57 /* Frameworks */,
				ABD201E1272F1AA6008BFE57 /* Resources */,
			);
			buildRules = (
			);
			dependencies = (
				ABD201E5272F1AA6008BFE57 /* PBXTargetDependency */,
			);
			name = "Scraping-PracticeTests";
			productName = "Scraping-PracticeTests";
			productReference = ABD201E3272F1AA6008BFE57 /* Scraping-PracticeTests.xctest */;
			productType = "com.apple.product-type.bundle.unit-test";
		};
		ABD201EC272F1AA6008BFE57 /* Scraping-PracticeUITests */ = {
			isa = PBXNativeTarget;
			buildConfigurationList = ABD201FD272F1AA6008BFE57 /* Build configuration list for PBXNativeTarget "Scraping-PracticeUITests" */;
			buildPhases = (
				E19A482C2B432F17AB2868A5 /* [CP] Check Pods Manifest.lock */,
				ABD201E9272F1AA6008BFE57 /* Sources */,
				ABD201EA272F1AA6008BFE57 /* Frameworks */,
				ABD201EB272F1AA6008BFE57 /* Resources */,
				1F85257FF2D52D171925AB93 /* [CP] Embed Pods Frameworks */,
			);
			buildRules = (
			);
			dependencies = (
				ABD201EF272F1AA6008BFE57 /* PBXTargetDependency */,
			);
			name = "Scraping-PracticeUITests";
			productName = "Scraping-PracticeUITests";
			productReference = ABD201ED272F1AA6008BFE57 /* Scraping-PracticeUITests.xctest */;
			productType = "com.apple.product-type.bundle.ui-testing";
		};
/* End PBXNativeTarget section */

/* Begin PBXProject section */
		ABD201C5272F1AA5008BFE57 /* Project object */ = {
			isa = PBXProject;
			attributes = {
				BuildIndependentTargetsInParallel = 1;
				LastSwiftUpdateCheck = 1310;
				LastUpgradeCheck = 1310;
				TargetAttributes = {
					ABD201CC272F1AA5008BFE57 = {
						CreatedOnToolsVersion = 13.1;
					};
					ABD201E2272F1AA6008BFE57 = {
						CreatedOnToolsVersion = 13.1;
						TestTargetID = ABD201CC272F1AA5008BFE57;
					};
					ABD201EC272F1AA6008BFE57 = {
						CreatedOnToolsVersion = 13.1;
						TestTargetID = ABD201CC272F1AA5008BFE57;
					};
				};
			};
			buildConfigurationList = ABD201C8272F1AA5008BFE57 /* Build configuration list for PBXProject "Scraping-Practice" */;
			compatibilityVersion = "Xcode 13.0";
			developmentRegion = en;
			hasScannedForEncodings = 0;
			knownRegions = (
				en,
				Base,
			);
			mainGroup = ABD201C4272F1AA5008BFE57;
			productRefGroup = ABD201CE272F1AA5008BFE57 /* Products */;
			projectDirPath = "";
			projectRoot = "";
			targets = (
				ABD201CC272F1AA5008BFE57 /* Scraping-Practice */,
				ABD201E2272F1AA6008BFE57 /* Scraping-PracticeTests */,
				ABD201EC272F1AA6008BFE57 /* Scraping-PracticeUITests */,
			);
		};
/* End PBXProject section */

/* Begin PBXResourcesBuildPhase section */
		ABD201CB272F1AA5008BFE57 /* Resources */ = {
			isa = PBXResourcesBuildPhase;
			buildActionMask = 2147483647;
			files = (
				ABD201DD272F1AA6008BFE57 /* LaunchScreen.storyboard in Resources */,
				ABD201DA272F1AA6008BFE57 /* Assets.xcassets in Resources */,
				ABD201D8272F1AA5008BFE57 /* Main.storyboard in Resources */,
			);
			runOnlyForDeploymentPostprocessing = 0;
		};
		ABD201E1272F1AA6008BFE57 /* Resources */ = {
			isa = PBXResourcesBuildPhase;
			buildActionMask = 2147483647;
			files = (
			);
			runOnlyForDeploymentPostprocessing = 0;
		};
		ABD201EB272F1AA6008BFE57 /* Resources */ = {
			isa = PBXResourcesBuildPhase;
			buildActionMask = 2147483647;
			files = (
			);
			runOnlyForDeploymentPostprocessing = 0;
		};
/* End PBXResourcesBuildPhase section */

/* Begin PBXShellScriptBuildPhase section */
		1F85257FF2D52D171925AB93 /* [CP] Embed Pods Frameworks */ = {
			isa = PBXShellScriptBuildPhase;
			buildActionMask = 2147483647;
			files = (
			);
			inputFileListPaths = (
				"${PODS_ROOT}/Target Support Files/Pods-Scraping-Practice-Scraping-PracticeUITests/Pods-Scraping-Practice-Scraping-PracticeUITests-frameworks-${CONFIGURATION}-input-files.xcfilelist",
			);
			name = "[CP] Embed Pods Frameworks";
			outputFileListPaths = (
				"${PODS_ROOT}/Target Support Files/Pods-Scraping-Practice-Scraping-PracticeUITests/Pods-Scraping-Practice-Scraping-PracticeUITests-frameworks-${CONFIGURATION}-output-files.xcfilelist",
			);
			runOnlyForDeploymentPostprocessing = 0;
			shellPath = /bin/sh;
			shellScript = "\"${PODS_ROOT}/Target Support Files/Pods-Scraping-Practice-Scraping-PracticeUITests/Pods-Scraping-Practice-Scraping-PracticeUITests-frameworks.sh\"\n";
			showEnvVarsInLog = 0;
		};
		4F04A4E67662E4E769A8761A /* [CP] Embed Pods Frameworks */ = {
			isa = PBXShellScriptBuildPhase;
			buildActionMask = 2147483647;
			files = (
			);
			inputFileListPaths = (
				"${PODS_ROOT}/Target Support Files/Pods-Scraping-Practice/Pods-Scraping-Practice-frameworks-${CONFIGURATION}-input-files.xcfilelist",
			);
			name = "[CP] Embed Pods Frameworks";
			outputFileListPaths = (
				"${PODS_ROOT}/Target Support Files/Pods-Scraping-Practice/Pods-Scraping-Practice-frameworks-${CONFIGURATION}-output-files.xcfilelist",
			);
			runOnlyForDeploymentPostprocessing = 0;
			shellPath = /bin/sh;
			shellScript = "\"${PODS_ROOT}/Target Support Files/Pods-Scraping-Practice/Pods-Scraping-Practice-frameworks.sh\"\n";
			showEnvVarsInLog = 0;
		};
		BAA1EB972A1F61B759164FE9 /* [CP] Check Pods Manifest.lock */ = {
			isa = PBXShellScriptBuildPhase;
			buildActionMask = 2147483647;
			files = (
			);
			inputFileListPaths = (
			);
			inputPaths = (
				"${PODS_PODFILE_DIR_PATH}/Podfile.lock",
				"${PODS_ROOT}/Manifest.lock",
			);
			name = "[CP] Check Pods Manifest.lock";
			outputFileListPaths = (
			);
			outputPaths = (
				"$(DERIVED_FILE_DIR)/Pods-Scraping-PracticeTests-checkManifestLockResult.txt",
			);
			runOnlyForDeploymentPostprocessing = 0;
			shellPath = /bin/sh;
			shellScript = "diff \"${PODS_PODFILE_DIR_PATH}/Podfile.lock\" \"${PODS_ROOT}/Manifest.lock\" > /dev/null\nif [ $? != 0 ] ; then\n    # print error to STDERR\n    echo \"error: The sandbox is not in sync with the Podfile.lock. Run 'pod install' or update your CocoaPods installation.\" >&2\n    exit 1\nfi\n# This output is used by Xcode 'outputs' to avoid re-running this script phase.\necho \"SUCCESS\" > \"${SCRIPT_OUTPUT_FILE_0}\"\n";
			showEnvVarsInLog = 0;
		};
		E19A482C2B432F17AB2868A5 /* [CP] Check Pods Manifest.lock */ = {
			isa = PBXShellScriptBuildPhase;
			buildActionMask = 2147483647;
			files = (
			);
			inputFileListPaths = (
			);
			inputPaths = (
				"${PODS_PODFILE_DIR_PATH}/Podfile.lock",
				"${PODS_ROOT}/Manifest.lock",
			);
			name = "[CP] Check Pods Manifest.lock";
			outputFileListPaths = (
			);
			outputPaths = (
				"$(DERIVED_FILE_DIR)/Pods-Scraping-Practice-Scraping-PracticeUITests-checkManifestLockResult.txt",
			);
			runOnlyForDeploymentPostprocessing = 0;
			shellPath = /bin/sh;
			shellScript = "diff \"${PODS_PODFILE_DIR_PATH}/Podfile.lock\" \"${PODS_ROOT}/Manifest.lock\" > /dev/null\nif [ $? != 0 ] ; then\n    # print error to STDERR\n    echo \"error: The sandbox is not in sync with the Podfile.lock. Run 'pod install' or update your CocoaPods installation.\" >&2\n    exit 1\nfi\n# This output is used by Xcode 'outputs' to avoid re-running this script phase.\necho \"SUCCESS\" > \"${SCRIPT_OUTPUT_FILE_0}\"\n";
			showEnvVarsInLog = 0;
		};
		EB39FDCE892796BFD526CBD5 /* [CP] Check Pods Manifest.lock */ = {
			isa = PBXShellScriptBuildPhase;
			buildActionMask = 2147483647;
			files = (
			);
			inputFileListPaths = (
			);
			inputPaths = (
				"${PODS_PODFILE_DIR_PATH}/Podfile.lock",
				"${PODS_ROOT}/Manifest.lock",
			);
			name = "[CP] Check Pods Manifest.lock";
			outputFileListPaths = (
			);
			outputPaths = (
				"$(DERIVED_FILE_DIR)/Pods-Scraping-Practice-checkManifestLockResult.txt",
			);
			runOnlyForDeploymentPostprocessing = 0;
			shellPath = /bin/sh;
			shellScript = "diff \"${PODS_PODFILE_DIR_PATH}/Podfile.lock\" \"${PODS_ROOT}/Manifest.lock\" > /dev/null\nif [ $? != 0 ] ; then\n    # print error to STDERR\n    echo \"error: The sandbox is not in sync with the Podfile.lock. Run 'pod install' or update your CocoaPods installation.\" >&2\n    exit 1\nfi\n# This output is used by Xcode 'outputs' to avoid re-running this script phase.\necho \"SUCCESS\" > \"${SCRIPT_OUTPUT_FILE_0}\"\n";
			showEnvVarsInLog = 0;
		};
/* End PBXShellScriptBuildPhase section */

/* Begin PBXSourcesBuildPhase section */
		ABD201C9272F1AA5008BFE57 /* Sources */ = {
			isa = PBXSourcesBuildPhase;
			buildActionMask = 2147483647;
			files = (
				ABD201D5272F1AA5008BFE57 /* ViewController.swift in Sources */,
				ABD20201272F1B53008BFE57 /* Gyudon.swift in Sources */,
				ABD201D1272F1AA5008BFE57 /* AppDelegate.swift in Sources */,
				ABD201D3272F1AA5008BFE57 /* SceneDelegate.swift in Sources */,
			);
			runOnlyForDeploymentPostprocessing = 0;
		};
		ABD201DF272F1AA6008BFE57 /* Sources */ = {
			isa = PBXSourcesBuildPhase;
			buildActionMask = 2147483647;
			files = (
				ABD201E8272F1AA6008BFE57 /* Scraping_PracticeTests.swift in Sources */,
			);
			runOnlyForDeploymentPostprocessing = 0;
		};
		ABD201E9272F1AA6008BFE57 /* Sources */ = {
			isa = PBXSourcesBuildPhase;
			buildActionMask = 2147483647;
			files = (
				ABD201F4272F1AA6008BFE57 /* Scraping_PracticeUITestsLaunchTests.swift in Sources */,
				ABD201F2272F1AA6008BFE57 /* Scraping_PracticeUITests.swift in Sources */,
			);
			runOnlyForDeploymentPostprocessing = 0;
		};
/* End PBXSourcesBuildPhase section */

/* Begin PBXTargetDependency section */
		ABD201E5272F1AA6008BFE57 /* PBXTargetDependency */ = {
			isa = PBXTargetDependency;
			target = ABD201CC272F1AA5008BFE57 /* Scraping-Practice */;
			targetProxy = ABD201E4272F1AA6008BFE57 /* PBXContainerItemProxy */;
		};
		ABD201EF272F1AA6008BFE57 /* PBXTargetDependency */ = {
			isa = PBXTargetDependency;
			target = ABD201CC272F1AA5008BFE57 /* Scraping-Practice */;
			targetProxy = ABD201EE272F1AA6008BFE57 /* PBXContainerItemProxy */;
		};
/* End PBXTargetDependency section */

/* Begin PBXVariantGroup section */
		ABD201D6272F1AA5008BFE57 /* Main.storyboard */ = {
			isa = PBXVariantGroup;
			children = (
				ABD201D7272F1AA5008BFE57 /* Base */,
			);
			name = Main.storyboard;
			sourceTree = "<group>";
		};
		ABD201DB272F1AA6008BFE57 /* LaunchScreen.storyboard */ = {
			isa = PBXVariantGroup;
			children = (
				ABD201DC272F1AA6008BFE57 /* Base */,
			);
			name = LaunchScreen.storyboard;
			sourceTree = "<group>";
		};
/* End PBXVariantGroup section */

/* Begin XCBuildConfiguration section */
		ABD201F5272F1AA6008BFE57 /* Debug */ = {
			isa = XCBuildConfiguration;
			buildSettings = {
				ALWAYS_SEARCH_USER_PATHS = NO;
				CLANG_ANALYZER_NONNULL = YES;
				CLANG_ANALYZER_NUMBER_OBJECT_CONVERSION = YES_AGGRESSIVE;
				CLANG_CXX_LANGUAGE_STANDARD = "gnu++17";
				CLANG_CXX_LIBRARY = "libc++";
				CLANG_ENABLE_MODULES = YES;
				CLANG_ENABLE_OBJC_ARC = YES;
				CLANG_ENABLE_OBJC_WEAK = YES;
				CLANG_WARN_BLOCK_CAPTURE_AUTORELEASING = YES;
				CLANG_WARN_BOOL_CONVERSION = YES;
				CLANG_WARN_COMMA = YES;
				CLANG_WARN_CONSTANT_CONVERSION = YES;
				CLANG_WARN_DEPRECATED_OBJC_IMPLEMENTATIONS = YES;
				CLANG_WARN_DIRECT_OBJC_ISA_USAGE = YES_ERROR;
				CLANG_WARN_DOCUMENTATION_COMMENTS = YES;
				CLANG_WARN_EMPTY_BODY = YES;
				CLANG_WARN_ENUM_CONVERSION = YES;
				CLANG_WARN_INFINITE_RECURSION = YES;
				CLANG_WARN_INT_CONVERSION = YES;
				CLANG_WARN_NON_LITERAL_NULL_CONVERSION = YES;
				CLANG_WARN_OBJC_IMPLICIT_RETAIN_SELF = YES;
				CLANG_WARN_OBJC_LITERAL_CONVERSION = YES;
				CLANG_WARN_OBJC_ROOT_CLASS = YES_ERROR;
				CLANG_WARN_QUOTED_INCLUDE_IN_FRAMEWORK_HEADER = YES;
				CLANG_WARN_RANGE_LOOP_ANALYSIS = YES;
				CLANG_WARN_STRICT_PROTOTYPES = YES;
				CLANG_WARN_SUSPICIOUS_MOVE = YES;
				CLANG_WARN_UNGUARDED_AVAILABILITY = YES_AGGRESSIVE;
				CLANG_WARN_UNREACHABLE_CODE = YES;
				CLANG_WARN__DUPLICATE_METHOD_MATCH = YES;
				COPY_PHASE_STRIP = NO;
				DEBUG_INFORMATION_FORMAT = dwarf;
				ENABLE_STRICT_OBJC_MSGSEND = YES;
				ENABLE_TESTABILITY = YES;
				GCC_C_LANGUAGE_STANDARD = gnu11;
				GCC_DYNAMIC_NO_PIC = NO;
				GCC_NO_COMMON_BLOCKS = YES;
				GCC_OPTIMIZATION_LEVEL = 0;
				GCC_PREPROCESSOR_DEFINITIONS = (
					"DEBUG=1",
					"$(inherited)",
				);
				GCC_WARN_64_TO_32_BIT_CONVERSION = YES;
				GCC_WARN_ABOUT_RETURN_TYPE = YES_ERROR;
				GCC_WARN_UNDECLARED_SELECTOR = YES;
				GCC_WARN_UNINITIALIZED_AUTOS = YES_AGGRESSIVE;
				GCC_WARN_UNUSED_FUNCTION = YES;
				GCC_WARN_UNUSED_VARIABLE = YES;
				IPHONEOS_DEPLOYMENT_TARGET = 15.0;
				MTL_ENABLE_DEBUG_INFO = INCLUDE_SOURCE;
				MTL_FAST_MATH = YES;
				ONLY_ACTIVE_ARCH = YES;
				SDKROOT = iphoneos;
				SWIFT_ACTIVE_COMPILATION_CONDITIONS = DEBUG;
				SWIFT_OPTIMIZATION_LEVEL = "-Onone";
			};
			name = Debug;
		};
		ABD201F6272F1AA6008BFE57 /* Release */ = {
			isa = XCBuildConfiguration;
			buildSettings = {
				ALWAYS_SEARCH_USER_PATHS = NO;
				CLANG_ANALYZER_NONNULL = YES;
				CLANG_ANALYZER_NUMBER_OBJECT_CONVERSION = YES_AGGRESSIVE;
				CLANG_CXX_LANGUAGE_STANDARD = "gnu++17";
				CLANG_CXX_LIBRARY = "libc++";
				CLANG_ENABLE_MODULES = YES;
				CLANG_ENABLE_OBJC_ARC = YES;
				CLANG_ENABLE_OBJC_WEAK = YES;
				CLANG_WARN_BLOCK_CAPTURE_AUTORELEASING = YES;
				CLANG_WARN_BOOL_CONVERSION = YES;
				CLANG_WARN_COMMA = YES;
				CLANG_WARN_CONSTANT_CONVERSION = YES;
				CLANG_WARN_DEPRECATED_OBJC_IMPLEMENTATIONS = YES;
				CLANG_WARN_DIRECT_OBJC_ISA_USAGE = YES_ERROR;
				CLANG_WARN_DOCUMENTATION_COMMENTS = YES;
				CLANG_WARN_EMPTY_BODY = YES;
				CLANG_WARN_ENUM_CONVERSION = YES;
				CLANG_WARN_INFINITE_RECURSION = YES;
				CLANG_WARN_INT_CONVERSION = YES;
				CLANG_WARN_NON_LITERAL_NULL_CONVERSION = YES;
				CLANG_WARN_OBJC_IMPLICIT_RETAIN_SELF = YES;
				CLANG_WARN_OBJC_LITERAL_CONVERSION = YES;
				CLANG_WARN_OBJC_ROOT_CLASS = YES_ERROR;
				CLANG_WARN_QUOTED_INCLUDE_IN_FRAMEWORK_HEADER = YES;
				CLANG_WARN_RANGE_LOOP_ANALYSIS = YES;
				CLANG_WARN_STRICT_PROTOTYPES = YES;
				CLANG_WARN_SUSPICIOUS_MOVE = YES;
				CLANG_WARN_UNGUARDED_AVAILABILITY = YES_AGGRESSIVE;
				CLANG_WARN_UNREACHABLE_CODE = YES;
				CLANG_WARN__DUPLICATE_METHOD_MATCH = YES;
				COPY_PHASE_STRIP = NO;
				DEBUG_INFORMATION_FORMAT = "dwarf-with-dsym";
				ENABLE_NS_ASSERTIONS = NO;
				ENABLE_STRICT_OBJC_MSGSEND = YES;
				GCC_C_LANGUAGE_STANDARD = gnu11;
				GCC_NO_COMMON_BLOCKS = YES;
				GCC_WARN_64_TO_32_BIT_CONVERSION = YES;
				GCC_WARN_ABOUT_RETURN_TYPE = YES_ERROR;
				GCC_WARN_UNDECLARED_SELECTOR = YES;
				GCC_WARN_UNINITIALIZED_AUTOS = YES_AGGRESSIVE;
				GCC_WARN_UNUSED_FUNCTION = YES;
				GCC_WARN_UNUSED_VARIABLE = YES;
				IPHONEOS_DEPLOYMENT_TARGET = 15.0;
				MTL_ENABLE_DEBUG_INFO = NO;
				MTL_FAST_MATH = YES;
				SDKROOT = iphoneos;
				SWIFT_COMPILATION_MODE = wholemodule;
				SWIFT_OPTIMIZATION_LEVEL = "-O";
				VALIDATE_PRODUCT = YES;
			};
			name = Release;
		};
		ABD201F8272F1AA6008BFE57 /* Debug */ = {
			isa = XCBuildConfiguration;
			baseConfigurationReference = 61180BFAD0CF7A4CFC0D1E43 /* Pods-Scraping-Practice.debug.xcconfig */;
			buildSettings = {
				ASSETCATALOG_COMPILER_APPICON_NAME = AppIcon;
				ASSETCATALOG_COMPILER_GLOBAL_ACCENT_COLOR_NAME = AccentColor;
				CODE_SIGN_STYLE = Automatic;
				CURRENT_PROJECT_VERSION = 1;
				DEVELOPMENT_TEAM = 242KS3V77L;
				GENERATE_INFOPLIST_FILE = YES;
				INFOPLIST_FILE = "Scraping-Practice/Info.plist";
				INFOPLIST_KEY_UIApplicationSupportsIndirectInputEvents = YES;
				INFOPLIST_KEY_UILaunchStoryboardName = LaunchScreen;
				INFOPLIST_KEY_UIMainStoryboardFile = Main;
				INFOPLIST_KEY_UISupportedInterfaceOrientations_iPad = "UIInterfaceOrientationPortrait UIInterfaceOrientationPortraitUpsideDown UIInterfaceOrientationLandscapeLeft UIInterfaceOrientationLandscapeRight";
				INFOPLIST_KEY_UISupportedInterfaceOrientations_iPhone = "UIInterfaceOrientationPortrait UIInterfaceOrientationLandscapeLeft UIInterfaceOrientationLandscapeRight";
				LD_RUNPATH_SEARCH_PATHS = (
					"$(inherited)",
					"@executable_path/Frameworks",
				);
				MARKETING_VERSION = 1.0;
				PRODUCT_BUNDLE_IDENTIFIER = "oonishireon.Scraping-Practice";
				PRODUCT_NAME = "$(TARGET_NAME)";
				SWIFT_EMIT_LOC_STRINGS = YES;
				SWIFT_VERSION = 5.0;
				TARGETED_DEVICE_FAMILY = "1,2";
			};
			name = Debug;
		};
		ABD201F9272F1AA6008BFE57 /* Release */ = {
			isa = XCBuildConfiguration;
			baseConfigurationReference = BCF5B36A1054D5E9B05E88CC /* Pods-Scraping-Practice.release.xcconfig */;
			buildSettings = {
				ASSETCATALOG_COMPILER_APPICON_NAME = AppIcon;
				ASSETCATALOG_COMPILER_GLOBAL_ACCENT_COLOR_NAME = AccentColor;
				CODE_SIGN_STYLE = Automatic;
				CURRENT_PROJECT_VERSION = 1;
				DEVELOPMENT_TEAM = 242KS3V77L;
				GENERATE_INFOPLIST_FILE = YES;
				INFOPLIST_FILE = "Scraping-Practice/Info.plist";
				INFOPLIST_KEY_UIApplicationSupportsIndirectInputEvents = YES;
				INFOPLIST_KEY_UILaunchStoryboardName = LaunchScreen;
				INFOPLIST_KEY_UIMainStoryboardFile = Main;
				INFOPLIST_KEY_UISupportedInterfaceOrientations_iPad = "UIInterfaceOrientationPortrait UIInterfaceOrientationPortraitUpsideDown UIInterfaceOrientationLandscapeLeft UIInterfaceOrientationLandscapeRight";
				INFOPLIST_KEY_UISupportedInterfaceOrientations_iPhone = "UIInterfaceOrientationPortrait UIInterfaceOrientationLandscapeLeft UIInterfaceOrientationLandscapeRight";
				LD_RUNPATH_SEARCH_PATHS = (
					"$(inherited)",
					"@executable_path/Frameworks",
				);
				MARKETING_VERSION = 1.0;
				PRODUCT_BUNDLE_IDENTIFIER = "oonishireon.Scraping-Practice";
				PRODUCT_NAME = "$(TARGET_NAME)";
				SWIFT_EMIT_LOC_STRINGS = YES;
				SWIFT_VERSION = 5.0;
				TARGETED_DEVICE_FAMILY = "1,2";
			};
			name = Release;
		};
		ABD201FB272F1AA6008BFE57 /* Debug */ = {
			isa = XCBuildConfiguration;
			baseConfigurationReference = BE43C819205A94C9F4FF1A67 /* Pods-Scraping-PracticeTests.debug.xcconfig */;
			buildSettings = {
				ALWAYS_EMBED_SWIFT_STANDARD_LIBRARIES = YES;
				BUNDLE_LOADER = "$(TEST_HOST)";
				CODE_SIGN_STYLE = Automatic;
				CURRENT_PROJECT_VERSION = 1;
				DEVELOPMENT_TEAM = 242KS3V77L;
				GENERATE_INFOPLIST_FILE = YES;
				IPHONEOS_DEPLOYMENT_TARGET = 15.0;
				LD_RUNPATH_SEARCH_PATHS = (
					"$(inherited)",
					"@executable_path/Frameworks",
					"@loader_path/Frameworks",
				);
				MARKETING_VERSION = 1.0;
				PRODUCT_BUNDLE_IDENTIFIER = "oonishireon.Scraping-PracticeTests";
				PRODUCT_NAME = "$(TARGET_NAME)";
				SWIFT_EMIT_LOC_STRINGS = NO;
				SWIFT_VERSION = 5.0;
				TARGETED_DEVICE_FAMILY = "1,2";
				TEST_HOST = "$(BUILT_PRODUCTS_DIR)/Scraping-Practice.app/Scraping-Practice";
			};
			name = Debug;
		};
		ABD201FC272F1AA6008BFE57 /* Release */ = {
			isa = XCBuildConfiguration;
			baseConfigurationReference = 59DDE3AA01853182405B36F7 /* Pods-Scraping-PracticeTests.release.xcconfig */;
			buildSettings = {
				ALWAYS_EMBED_SWIFT_STANDARD_LIBRARIES = YES;
				BUNDLE_LOADER = "$(TEST_HOST)";
				CODE_SIGN_STYLE = Automatic;
				CURRENT_PROJECT_VERSION = 1;
				DEVELOPMENT_TEAM = 242KS3V77L;
				GENERATE_INFOPLIST_FILE = YES;
				IPHONEOS_DEPLOYMENT_TARGET = 15.0;
				LD_RUNPATH_SEARCH_PATHS = (
					"$(inherited)",
					"@executable_path/Frameworks",
					"@loader_path/Frameworks",
				);
				MARKETING_VERSION = 1.0;
				PRODUCT_BUNDLE_IDENTIFIER = "oonishireon.Scraping-PracticeTests";
				PRODUCT_NAME = "$(TARGET_NAME)";
				SWIFT_EMIT_LOC_STRINGS = NO;
				SWIFT_VERSION = 5.0;
				TARGETED_DEVICE_FAMILY = "1,2";
				TEST_HOST = "$(BUILT_PRODUCTS_DIR)/Scraping-Practice.app/Scraping-Practice";
			};
			name = Release;
		};
		ABD201FE272F1AA6008BFE57 /* Debug */ = {
			isa = XCBuildConfiguration;
			baseConfigurationReference = CE45CBBDC80F616BCE6F09A7 /* Pods-Scraping-Practice-Scraping-PracticeUITests.debug.xcconfig */;
			buildSettings = {
				ALWAYS_EMBED_SWIFT_STANDARD_LIBRARIES = YES;
				CODE_SIGN_STYLE = Automatic;
				CURRENT_PROJECT_VERSION = 1;
				DEVELOPMENT_TEAM = 242KS3V77L;
				GENERATE_INFOPLIST_FILE = YES;
				LD_RUNPATH_SEARCH_PATHS = (
					"$(inherited)",
					"@executable_path/Frameworks",
					"@loader_path/Frameworks",
				);
				MARKETING_VERSION = 1.0;
				PRODUCT_BUNDLE_IDENTIFIER = "oonishireon.Scraping-PracticeUITests";
				PRODUCT_NAME = "$(TARGET_NAME)";
				SWIFT_EMIT_LOC_STRINGS = NO;
				SWIFT_VERSION = 5.0;
				TARGETED_DEVICE_FAMILY = "1,2";
				TEST_TARGET_NAME = "Scraping-Practice";
			};
			name = Debug;
		};
		ABD201FF272F1AA6008BFE57 /* Release */ = {
			isa = XCBuildConfiguration;
			baseConfigurationReference = 173D570416235325EF60CE3D /* Pods-Scraping-Practice-Scraping-PracticeUITests.release.xcconfig */;
			buildSettings = {
				ALWAYS_EMBED_SWIFT_STANDARD_LIBRARIES = YES;
				CODE_SIGN_STYLE = Automatic;
				CURRENT_PROJECT_VERSION = 1;
				DEVELOPMENT_TEAM = 242KS3V77L;
				GENERATE_INFOPLIST_FILE = YES;
				LD_RUNPATH_SEARCH_PATHS = (
					"$(inherited)",
					"@executable_path/Frameworks",
					"@loader_path/Frameworks",
				);
				MARKETING_VERSION = 1.0;
				PRODUCT_BUNDLE_IDENTIFIER = "oonishireon.Scraping-PracticeUITests";
				PRODUCT_NAME = "$(TARGET_NAME)";
				SWIFT_EMIT_LOC_STRINGS = NO;
				SWIFT_VERSION = 5.0;
				TARGETED_DEVICE_FAMILY = "1,2";
				TEST_TARGET_NAME = "Scraping-Practice";
			};
			name = Release;
		};
/* End XCBuildConfiguration section */

/* Begin XCConfigurationList section */
		ABD201C8272F1AA5008BFE57 /* Build configuration list for PBXProject "Scraping-Practice" */ = {
			isa = XCConfigurationList;
			buildConfigurations = (
				ABD201F5272F1AA6008BFE57 /* Debug */,
				ABD201F6272F1AA6008BFE57 /* Release */,
			);
			defaultConfigurationIsVisible = 0;
			defaultConfigurationName = Release;
		};
		ABD201F7272F1AA6008BFE57 /* Build configuration list for PBXNativeTarget "Scraping-Practice" */ = {
			isa = XCConfigurationList;
			buildConfigurations = (
				ABD201F8272F1AA6008BFE57 /* Debug */,
				ABD201F9272F1AA6008BFE57 /* Release */,
			);
			defaultConfigurationIsVisible = 0;
			defaultConfigurationName = Release;
		};
		ABD201FA272F1AA6008BFE57 /* Build configuration list for PBXNativeTarget "Scraping-PracticeTests" */ = {
			isa = XCConfigurationList;
			buildConfigurations = (
				ABD201FB272F1AA6008BFE57 /* Debug */,
				ABD201FC272F1AA6008BFE57 /* Release */,
			);
			defaultConfigurationIsVisible = 0;
			defaultConfigurationName = Release;
		};
		ABD201FD272F1AA6008BFE57 /* Build configuration list for PBXNativeTarget "Scraping-PracticeUITests" */ = {
			isa = XCConfigurationList;
			buildConfigurations = (
				ABD201FE272F1AA6008BFE57 /* Debug */,
				ABD201FF272F1AA6008BFE57 /* Release */,
			);
			defaultConfigurationIsVisible = 0;
			defaultConfigurationName = Release;
		};
/* End XCConfigurationList section */
	};
	rootObject = ABD201C5272F1AA5008BFE57 /* Project object */;
}
